# THIS IS AN AUTOGENERATED FILE. DO NOT EDIT THIS FILE DIRECTLY.
# yarn lockfile v1


"@babel/runtime@^7.8.4", "@babel/runtime@^7.9.2":
  version "7.11.2"
  resolved "https://registry.yarnpkg.com/@babel/runtime/-/runtime-7.11.2.tgz#f549c13c754cc40b87644b9fa9f09a6a95fe0736"
  integrity sha512-TeWkU52so0mPtDcaCTxNBI/IHiz0pZgr8VEFqXFtZWpYD08ZB6FaSwVAS8MKRQAP3bYKiVjwysOJgMFY28o6Tw==
  dependencies:
    regenerator-runtime "^0.13.4"

"@fluentui/date-time-utilities@^7.8.0":
  version "7.8.0"
  resolved "https://registry.yarnpkg.com/@fluentui/date-time-utilities/-/date-time-utilities-7.8.0.tgz#4fe384a19aba3508492e9d17680fba76a21a6144"
  integrity sha512-qzlTp3t+PghebJsLK9JwZr91qBRZ/fOml8TQCIjdtsEn4mH6/ciCwir7Fj8iOEkwwTC0iKsEr1jfsITtJKWSmA==
  dependencies:
    "@uifabric/set-version" "^7.0.22"
    tslib "^1.10.0"

"@fluentui/keyboard-key@^0.2.11":
  version "0.2.11"
  resolved "https://registry.yarnpkg.com/@fluentui/keyboard-key/-/keyboard-key-0.2.11.tgz#97cbea8641c144ac5230fae0daf6e10c4f4228d4"
  integrity sha512-4iG5vNlRD3PrLaMfDTimHNOP1x6V3Dad0fXOwtvBBMsfdySPE9zlY+G+0aqCFcgjymOriFOk0ANZVBpK7XrnTg==
  dependencies:
    tslib "^1.10.0"

"@fluentui/react-focus@^7.16.0":
  version "7.16.0"
  resolved "https://registry.yarnpkg.com/@fluentui/react-focus/-/react-focus-7.16.0.tgz#51e5d4b22fbe91d557115b4c9402a64214b784ec"
  integrity sha512-TwB4Av7ID70ejisDIGkCZGKOxlquSazr6W+9Jv1JQAvsBLuj5XOspFJH4/Igjniw1LeO9QmAvFZeh/XRShiObw==
  dependencies:
    "@fluentui/keyboard-key" "^0.2.11"
    "@uifabric/merge-styles" "^7.18.0"
    "@uifabric/set-version" "^7.0.22"
    "@uifabric/styling" "^7.16.0"
    "@uifabric/utilities" "^7.31.0"
    tslib "^1.10.0"

"@fluentui/react-icons@^0.3.0":
  version "0.3.0"
  resolved "https://registry.yarnpkg.com/@fluentui/react-icons/-/react-icons-0.3.0.tgz#4acc45e0ecef69860e15d161f26363a6e711282a"
  integrity sha512-QDrIhLUpkxM5q5bFE4pkweJJsfaNswdfDoc+X6cmr22Dii+anDFTpOcePEJiTtILxdlEmH0968OcZ4BGZF/joQ==
  dependencies:
    "@microsoft/load-themed-styles" "^1.10.26"
    "@uifabric/set-version" "^7.0.22"
    "@uifabric/utilities" "^7.31.0"
    tslib "^1.10.0"

"@fluentui/react-window-provider@^0.3.0":
  version "0.3.0"
  resolved "https://registry.yarnpkg.com/@fluentui/react-window-provider/-/react-window-provider-0.3.0.tgz#6dc90a9826306816ddb5b2961e48546c1cb3d93f"
  integrity sha512-zHeH1PAmoFB3OkgU8f51E3oGHrL/CjuvdPBlb1SGpByUGNihAgH/CwvJohV9z0yPDkq+chfNUmxWA/oDVpbh6Q==
  dependencies:
    "@uifabric/set-version" "^7.0.22"
    tslib "^1.10.0"

"@fluentui/react@^7.134.3":
  version "7.134.3"
  resolved "https://registry.yarnpkg.com/@fluentui/react/-/react-7.134.3.tgz#b5ebdd0cab40dcc5aedb847d168caf76f194ef53"
  integrity sha512-Yl3y4ETypzn0SiPy5reTuTThfFfK8bMFN+58ueDbDdJqVravOkRMIdE7hEls/S6WjInrKxLz0U3zXHzS6uGuEQ==
  dependencies:
    "@uifabric/set-version" "^7.0.22"
    office-ui-fabric-react "^7.134.3"
    tslib "^1.10.0"

"@fluentui/theme@^0.2.0":
  version "0.2.0"
  resolved "https://registry.yarnpkg.com/@fluentui/theme/-/theme-0.2.0.tgz#15e7536e4b8bbbe96132687ef76921687af4200c"
  integrity sha512-L5OwqymTdxTVwBa3ifkQLF1A3YU6WMkMTk6PFIMfOonjt8LJ3yMMqZgz+KQR3sF/tzgy4wzW4oBmrxtTfJS2EQ==
  dependencies:
    "@uifabric/merge-styles" "^7.18.0"
    "@uifabric/set-version" "^7.0.22"
    "@uifabric/utilities" "^7.31.0"
    tslib "^1.10.0"

"@icons/material@^0.2.4":
  version "0.2.4"
  resolved "https://registry.yarnpkg.com/@icons/material/-/material-0.2.4.tgz#e90c9f71768b3736e76d7dd6783fc6c2afa88bc8"
  integrity sha512-QPcGmICAPbGLGb6F/yNf/KzKqvFx8z5qx3D1yFqVAjoFmXK35EgyW+cJ57Te3CNsmzblwtzakLGFqHPqrfb4Tw==

"@microsoft/load-themed-styles@^1.10.26":
  version "1.10.86"
  resolved "https://registry.yarnpkg.com/@microsoft/load-themed-styles/-/load-themed-styles-1.10.86.tgz#524a47c081226fc2838b2a71bc5edfd3359a6cd4"
  integrity sha512-4C6EelO32Li6qVGO+Bna3glNSyT9iDcatYinvFyGLoCboGyMBdBVgyJC2uyF+31n3++Q7Htt6CAZmdd8JxKjjQ==

"@uifabric/foundation@^7.9.0":
  version "7.9.0"
  resolved "https://registry.yarnpkg.com/@uifabric/foundation/-/foundation-7.9.0.tgz#b7d8333e1c972a22336bfde747fc9f07df24f05c"
  integrity sha512-4gdPwx0HV59aWvPKIw6yIje60CYwJZmTJsdLRXqh8Np1tWp2EsbA8U/IHQL1V91rEN0DlQhASqCDFhfQoD1jUw==
  dependencies:
    "@uifabric/merge-styles" "^7.18.0"
    "@uifabric/set-version" "^7.0.22"
    "@uifabric/styling" "^7.16.0"
    "@uifabric/utilities" "^7.31.0"
    tslib "^1.10.0"

"@uifabric/icons@^7.5.0":
  version "7.5.0"
  resolved "https://registry.yarnpkg.com/@uifabric/icons/-/icons-7.5.0.tgz#49b54b1d2eb235073b824f702fbf895676103012"
  integrity sha512-RINA9VkajlCnlwEBbqiwLBaaGn38Bf9UvjOuwrrja4B9lclLeQzZuGrG/kp7CnDtIO+LC19OYl/7E3jW7yIihA==
  dependencies:
    "@uifabric/set-version" "^7.0.22"
    "@uifabric/styling" "^7.16.0"
    tslib "^1.10.0"

"@uifabric/merge-styles@^7.18.0":
  version "7.18.0"
  resolved "https://registry.yarnpkg.com/@uifabric/merge-styles/-/merge-styles-7.18.0.tgz#66c5d0e0a4ce03791d0ff356634b51ae1de4e36a"
  integrity sha512-805WIbN7lAJATXKxZjjRbIgN7raRMwWYWeDkJJ52PCPuCesOvbpdr0GkH8rC6GQ7EB0MB7YM2i6Fiye7SFewbw==
  dependencies:
    "@uifabric/set-version" "^7.0.22"
    tslib "^1.10.0"

"@uifabric/react-hooks@^7.12.0":
  version "7.12.0"
  resolved "https://registry.yarnpkg.com/@uifabric/react-hooks/-/react-hooks-7.12.0.tgz#85e86ed6149887e47ffa9c14d33bbd66ade27a0b"
  integrity sha512-vPrg7NVtjjZlDS33tDUiyJSov8PNHBBX8w+EN9eatxP0g6dDkvGv8uWd+9Xpxrliuzi7ad7vlmUMOQffYJntMg==
  dependencies:
    "@uifabric/set-version" "^7.0.22"
    "@uifabric/utilities" "^7.31.0"
    tslib "^1.10.0"

"@uifabric/set-version@^7.0.22":
  version "7.0.22"
  resolved "https://registry.yarnpkg.com/@uifabric/set-version/-/set-version-7.0.22.tgz#f2d5235bb10927a7024b23ccef52070371349dbb"
  integrity sha512-IG35UNJNxqI7NC2eYuobGTD+v4W0VHQcC3bYd5Na9EgoC9jVgguS8n6EXUtP/lC1vJEYEyPEZdVwhPxKw4F4Sw==
  dependencies:
    tslib "^1.10.0"

"@uifabric/styling@^7.16.0":
  version "7.16.0"
  resolved "https://registry.yarnpkg.com/@uifabric/styling/-/styling-7.16.0.tgz#428226d184965d549ebbd110ac33e115b3136b6f"
  integrity sha512-yO404ws8Wl4fjBwG4T58TFJjeU/K+SpWJ4w+WeNMDlJcYe4zXaWn2lbOJtKtQiMl324RAEjFSOuNkXzPb0uOGQ==
  dependencies:
    "@fluentui/theme" "^0.2.0"
    "@microsoft/load-themed-styles" "^1.10.26"
    "@uifabric/merge-styles" "^7.18.0"
    "@uifabric/set-version" "^7.0.22"
    "@uifabric/utilities" "^7.31.0"
    tslib "^1.10.0"

"@uifabric/utilities@^7.31.0":
  version "7.31.0"
  resolved "https://registry.yarnpkg.com/@uifabric/utilities/-/utilities-7.31.0.tgz#600ea931b643c7cbcc38d6466748379227d4fbc7"
  integrity sha512-m4Yeyn4gyW7xS8LvOnCesokPModYS2YuE9GQmO++MDZ/vC5RRNlvlyktUZDuxCZ84cNCiXyTQ8nImBaPGnxHVQ==
  dependencies:
    "@uifabric/merge-styles" "^7.18.0"
    "@uifabric/set-version" "^7.0.22"
    prop-types "^15.7.2"
    tslib "^1.10.0"

"@zendeskgarden/container-focusvisible@^0.4.3":
  version "0.4.4"
  resolved "https://registry.yarnpkg.com/@zendeskgarden/container-focusvisible/-/container-focusvisible-0.4.4.tgz#3f7b3045a832615b9f0e2d3166cec08ce7a0e819"
  integrity sha512-xUjHUlr+VH/CMDnrrLFtQLYG3IirgYIjKwvRB0xVBtNusvtf6NuxnaxarfM+ZsmpYPLqApII8+ZQXlkZQ6hAXQ==
  dependencies:
    "@babel/runtime" "^7.8.4"

"@zendeskgarden/container-utilities@^0.5.1":
  version "0.5.4"
  resolved "https://registry.yarnpkg.com/@zendeskgarden/container-utilities/-/container-utilities-0.5.4.tgz#8550404cafd0aab5ed80f3da0a51d424e8e3facb"
  integrity sha512-Iz6YZ6va3JIShzKXKjK4TCf168GSX+/XeeBr6o9MTJ4K84lO0F0ZX2GIFuZmacfkBjCXfyNxj4aua/5/1ZXyPg==
  dependencies:
    "@babel/runtime" "^7.8.4"

"@zendeskgarden/react-theming@^8.0.0":
  version "8.21.0"
  resolved "https://registry.yarnpkg.com/@zendeskgarden/react-theming/-/react-theming-8.21.0.tgz#d64ef5bc7be541116515a669311b471e74013d7f"
  integrity sha512-LnClS7dd7NsFbKYOWTo4AtuyO3iFpd9DEeI+P3rFugJwFqR4qAwXo5W0NnhNl1TAH8f/ghSqcCnoNpgq0G+l4w==
  dependencies:
    "@zendeskgarden/container-focusvisible" "^0.4.3"
    "@zendeskgarden/container-utilities" "^0.5.1"
    polished "^3.5.1"

"js-tokens@^3.0.0 || ^4.0.0":
  version "4.0.0"
  resolved "https://registry.yarnpkg.com/js-tokens/-/js-tokens-4.0.0.tgz#19203fb59991df98e3a287050d4647cdeaf32499"
  integrity sha512-RdJUflcE3cUzKiMqQgsCu06FPu9UdIJO0beYbPhHN4k6apgJtifcoCtT9bcxOpYBtpD2kCM6Sbzg4CausW/PKQ==

lodash@^4.0.1, lodash@^4.17.11:
  version "4.17.20"
  resolved "https://registry.yarnpkg.com/lodash/-/lodash-4.17.20.tgz#b44a9b6297bcb698f1c51a3545a2b3b368d59c52"
  integrity sha512-PlhdFcillOINfeV7Ni6oF1TAEayyZBoZ8bcshTHqOYJYlrqzRK5hagpagky5o4HfCzzd1TRkXPMFq6cKk9rGmA==

loose-envify@^1.4.0:
  version "1.4.0"
  resolved "https://registry.yarnpkg.com/loose-envify/-/loose-envify-1.4.0.tgz#71ee51fa7be4caec1a63839f7e682d8132d30caf"
  integrity sha512-lyuxPGr/Wfhrlem2CL/UcnUc1zcqKAImBDzukY7Y5F/yQiNdko6+fRLevlw1HgMySw7f611UIY408EtxRSoK3Q==
  dependencies:
    js-tokens "^3.0.0 || ^4.0.0"

material-colors@^1.2.1:
  version "1.2.6"
  resolved "https://registry.yarnpkg.com/material-colors/-/material-colors-1.2.6.tgz#6d1958871126992ceecc72f4bcc4d8f010865f46"
  integrity sha512-6qE4B9deFBIa9YSpOc9O0Sgc43zTeVYbgDT5veRKSlB2+ZuHNoVVxA1L/ckMUayV9Ay9y7Z/SZCLcGteW9i7bg==

object-assign@^4.1.1:
  version "4.1.1"
  resolved "https://registry.yarnpkg.com/object-assign/-/object-assign-4.1.1.tgz#2109adc7965887cfc05cbbd442cac8bfbb360863"
  integrity sha1-IQmtx5ZYh8/AXLvUQsrIv7s2CGM=

office-ui-fabric-react@^7.134.3:
  version "7.134.3"
  resolved "https://registry.yarnpkg.com/office-ui-fabric-react/-/office-ui-fabric-react-7.134.3.tgz#e0f26c86661b357ce0bea47a7c7562db1810778c"
  integrity sha512-sVOoEIISOe6gVo+5bkiWGrKyiGdAEPB7h3rkfVgfZrQvjt+sgLDjVi6qXHDnmi3p4v6+YeWVdPa73TTAylDzCg==
  dependencies:
    "@fluentui/date-time-utilities" "^7.8.0"
    "@fluentui/react-focus" "^7.16.0"
    "@fluentui/react-icons" "^0.3.0"
    "@fluentui/react-window-provider" "^0.3.0"
    "@microsoft/load-themed-styles" "^1.10.26"
    "@uifabric/foundation" "^7.9.0"
    "@uifabric/icons" "^7.5.0"
    "@uifabric/merge-styles" "^7.18.0"
    "@uifabric/react-hooks" "^7.12.0"
    "@uifabric/set-version" "^7.0.22"
    "@uifabric/styling" "^7.16.0"
    "@uifabric/utilities" "^7.31.0"
    prop-types "^15.7.2"
    tslib "^1.10.0"

polished@^3.5.1:
  version "3.6.6"
  resolved "https://registry.yarnpkg.com/polished/-/polished-3.6.6.tgz#91ef9eface9be5366c07672b63b736f50c151185"
  integrity sha512-yiB2ims2DZPem0kCD6V0wnhcVGFEhNh0Iw0axNpKU+oSAgFt6yx6HxIT23Qg0WWvgS379cS35zT4AOyZZRzpQQ==
  dependencies:
    "@babel/runtime" "^7.9.2"

prop-types@^15.5.10, prop-types@^15.7.2:
  version "15.7.2"
  resolved "https://registry.yarnpkg.com/prop-types/-/prop-types-15.7.2.tgz#52c41e75b8c87e72b9d9360e0206b99dcbffa6c5"
  integrity sha512-8QQikdH7//R2vurIJSutZ1smHYTcLpRWEOlHnzcWHmBYrOGUysKwSsrC89BCiFj3CbrfJ/nXFdJepOVrY1GCHQ==
  dependencies:
    loose-envify "^1.4.0"
    object-assign "^4.1.1"
    react-is "^16.8.1"

react-color@^2.18.1:
  version "2.18.1"
  resolved "https://registry.yarnpkg.com/react-color/-/react-color-2.18.1.tgz#2cda8cc8e06a9e2c52ad391a30ddad31972472f4"
  integrity sha512-X5XpyJS6ncplZs74ak0JJoqPi+33Nzpv5RYWWxn17bslih+X7OlgmfpmGC1fNvdkK7/SGWYf1JJdn7D2n5gSuQ==
  dependencies:
    "@icons/material" "^0.2.4"
    lodash "^4.17.11"
    material-colors "^1.2.1"
    prop-types "^15.5.10"
    reactcss "^1.2.0"
    tinycolor2 "^1.4.1"

react-is@^16.8.1:
  version "16.13.1"
  resolved "https://registry.yarnpkg.com/react-is/-/react-is-16.13.1.tgz#789729a4dc36de2999dc156dd6c1d9c18cea56a4"
  integrity sha512-24e6ynE2H+OKt4kqsOvNd8kBpV65zoxbA4BVsEOB3ARVWQki/DHzaUoC5KuON/BiccDaCCTZBuOcfZs70kR8bQ==

reactcss@^1.2.0:
  version "1.2.3"
  resolved "https://registry.yarnpkg.com/reactcss/-/reactcss-1.2.3.tgz#c00013875e557b1cf0dfd9a368a1c3dab3b548dd"
  integrity sha512-KiwVUcFu1RErkI97ywr8nvx8dNOpT03rbnma0SSalTYjkrPYaEajR4a/MRt6DZ46K6arDRbWMNHF+xH7G7n/8A==
  dependencies:
    lodash "^4.0.1"

regenerator-runtime@^0.13.4:
  version "0.13.7"
  resolved "https://registry.yarnpkg.com/regenerator-runtime/-/regenerator-runtime-0.13.7.tgz#cac2dacc8a1ea675feaabaeb8ae833898ae46f55"
  integrity sha512-a54FxoJDIr27pgf7IgeQGxmqUNYrcV338lf/6gH456HZ/PhX+5BcwHXG9ajESmwe6WRO0tAzRUrRmNONWgkrew==

tinycolor2@^1.4.1:
  version "1.4.1"
  resolved "https://registry.yarnpkg.com/tinycolor2/-/tinycolor2-1.4.1.tgz#f4fad333447bc0b07d4dc8e9209d8f39a8ac77e8"
  integrity sha1-9PrTM0R7wLB9TcjpIJ2POaisd+g=

tslib@^1.10.0:
  version "1.13.0"
  resolved "https://registry.yarnpkg.com/tslib/-/tslib-1.13.0.tgz#c881e13cc7015894ed914862d276436fa9a47043"
  integrity sha512-i/6DQjL8Xf3be4K/E6Wgpekn5Qasl1usyw++dAA35Ue5orEn65VIxOA+YvNNl9HV3qv70T7CNwjODHZrLwvd1Q==
